
Microsoft Visual Studio Solution File, Format Version 12.00
# Visual Studio Version 17
VisualStudioVersion = 17.9.34701.34
MinimumVisualStudioVersion = 10.0.40219.1
Project("{FAE04EC0-301F-11D3-BF4B-00C04F79EFBC}") = "CalculaImposto", "CalculaImposto\CalculaImposto.csproj", "{8132D648-8DFB-4854-AEDB-19067E4522F8}"
EndProject
Global
	GlobalSection(SolutionConfigurationPlatforms) = preSolution
		Debug|Any CPU = Debug|Any CPU
		Release|Any CPU = Release|Any CPU
	EndGlobalSection
	GlobalSection(ProjectConfigurationPlatforms) = postSolution
		{8132D648-8DFB-4854-AEDB-19067E4522F8}.Debug|Any CPU.ActiveCfg = Debug|Any CPU
		{8132D648-8DFB-4854-AEDB-19067E4522F8}.Debug|Any CPU.Build.0 = Debug|Any CPU
		{8132D648-8DFB-4854-AEDB-19067E4522F8}.Release|Any CPU.ActiveCfg = Release|Any CPU
		{8132D648-8DFB-4854-AEDB-19067E4522F8}.Release|Any CPU.Build.0 = Release|Any CPU
	EndGlobalSection
	GlobalSection(SolutionProperties) = preSolution
		HideSolutionNode = FALSE
	EndGlobalSection
	GlobalSection(ExtensibilityGlobals) = postSolution
		SolutionGuid = {00402A9C-FC62-4D1D-BDAC-818127F39E04}
	EndGlobalSection
EndGlobal
